
Microsoft Visual Studio Solution File, Format Version 12.00
# Visual Studio Version 16
VisualStudioVersion = 16.0.29709.97
MinimumVisualStudioVersion = 10.0.40219.1
Project("{FAE04EC0-301F-11D3-BF4B-00C04F79EFBC}") = "VirtualMachine", "VirtualMachine\VirtualMachine.csproj", "{1BF8CB29-622E-46EA-9633-FE152BBE625C}"
EndProject
Global
	GlobalSection(SolutionConfigurationPlatforms) = preSolution
		Debug|Any CPU = Debug|Any CPU
		Release|Any CPU = Release|Any CPU
	EndGlobalSection
	GlobalSection(ProjectConfigurationPlatforms) = postSolution
		{1BF8CB29-622E-46EA-9633-FE152BBE625C}.Debug|Any CPU.ActiveCfg = Debug|Any CPU
		{1BF8CB29-622E-46EA-9633-FE152BBE625C}.Debug|Any CPU.Build.0 = Debug|Any CPU
		{1BF8CB29-622E-46EA-9633-FE152BBE625C}.Release|Any CPU.ActiveCfg = Release|Any CPU
		{1BF8CB29-622E-46EA-9633-FE152BBE625C}.Release|Any CPU.Build.0 = Release|Any CPU
	EndGlobalSection
	GlobalSection(SolutionProperties) = preSolution
		HideSolutionNode = FALSE
	EndGlobalSection
	GlobalSection(ExtensibilityGlobals) = postSolution
		SolutionGuid = {331DF827-058C-40D5-B772-1C1D82FD9C8D}
	EndGlobalSection
EndGlobal
